
Microsoft Visual Studio Solution File, Format Version 12.00
# Visual Studio Version 17
VisualStudioVersion = 17.1.32210.238
MinimumVisualStudioVersion = 10.0.40219.1
Project("{8BC9CEB8-8B4A-11D0-8D11-00A0C91BC942}") = "tei", "tei\tei.vcxproj", "{3BF3E46C-56E8-41F2-82EB-3F7AD6114016}"
EndProject
Project("{8BC9CEB8-8B4A-11D0-8D11-00A0C91BC942}") = "solution", "solution.vcxproj", "{A8F797A9-3F51-4BA3-BE27-E71BD65F0937}"
EndProject
Project("{8BC9CEB8-8B4A-11D0-8D11-00A0C91BC942}") = "ClientTest", "..\ClientTest\ClientTest.vcxproj", "{F6854907-E9FF-4D9B-9525-1C1528C77EFF}"
EndProject
Global
	GlobalSection(SolutionConfigurationPlatforms) = preSolution
		Debug|x64 = Debug|x64
		Debug|x86 = Debug|x86
		Release|x64 = Release|x64
		Release|x86 = Release|x86
	EndGlobalSection
	GlobalSection(ProjectConfigurationPlatforms) = postSolution
		{3BF3E46C-56E8-41F2-82EB-3F7AD6114016}.Debug|x64.ActiveCfg = Debug|x64
		{3BF3E46C-56E8-41F2-82EB-3F7AD6114016}.Debug|x64.Build.0 = Debug|x64
		{3BF3E46C-56E8-41F2-82EB-3F7AD6114016}.Debug|x86.ActiveCfg = Debug|Win32
		{3BF3E46C-56E8-41F2-82EB-3F7AD6114016}.Debug|x86.Build.0 = Debug|Win32
		{3BF3E46C-56E8-41F2-82EB-3F7AD6114016}.Release|x64.ActiveCfg = Release|x64
		{3BF3E46C-56E8-41F2-82EB-3F7AD6114016}.Release|x64.Build.0 = Release|x64
		{3BF3E46C-56E8-41F2-82EB-3F7AD6114016}.Release|x86.ActiveCfg = Release|Win32
		{3BF3E46C-56E8-41F2-82EB-3F7AD6114016}.Release|x86.Build.0 = Release|Win32
		{A8F797A9-3F51-4BA3-BE27-E71BD65F0937}.Debug|x64.ActiveCfg = Debug|x64
		{A8F797A9-3F51-4BA3-BE27-E71BD65F0937}.Debug|x64.Build.0 = Debug|x64
		{A8F797A9-3F51-4BA3-BE27-E71BD65F0937}.Debug|x86.ActiveCfg = Debug|Win32
		{A8F797A9-3F51-4BA3-BE27-E71BD65F0937}.Debug|x86.Build.0 = Debug|Win32
		{A8F797A9-3F51-4BA3-BE27-E71BD65F0937}.Release|x64.ActiveCfg = Release|x64
		{A8F797A9-3F51-4BA3-BE27-E71BD65F0937}.Release|x64.Build.0 = Release|x64
		{A8F797A9-3F51-4BA3-BE27-E71BD65F0937}.Release|x86.ActiveCfg = Release|Win32
		{A8F797A9-3F51-4BA3-BE27-E71BD65F0937}.Release|x86.Build.0 = Release|Win32
		{F6854907-E9FF-4D9B-9525-1C1528C77EFF}.Debug|x64.ActiveCfg = Debug|x64
		{F6854907-E9FF-4D9B-9525-1C1528C77EFF}.Debug|x64.Build.0 = Debug|x64
		{F6854907-E9FF-4D9B-9525-1C1528C77EFF}.Debug|x86.ActiveCfg = Debug|Win32
		{F6854907-E9FF-4D9B-9525-1C1528C77EFF}.Debug|x86.Build.0 = Debug|Win32
		{F6854907-E9FF-4D9B-9525-1C1528C77EFF}.Release|x64.ActiveCfg = Release|x64
		{F6854907-E9FF-4D9B-9525-1C1528C77EFF}.Release|x64.Build.0 = Release|x64
		{F6854907-E9FF-4D9B-9525-1C1528C77EFF}.Release|x86.ActiveCfg = Release|Win32
		{F6854907-E9FF-4D9B-9525-1C1528C77EFF}.Release|x86.Build.0 = Release|Win32
	EndGlobalSection
	GlobalSection(SolutionProperties) = preSolution
		HideSolutionNode = FALSE
	EndGlobalSection
	GlobalSection(ExtensibilityGlobals) = postSolution
		SolutionGuid = {440D5BD0-F311-44B2-973E-B5B817EEE3FC}
	EndGlobalSection
EndGlobal
