<?xml version="1.0" encoding="utf-8"?>
<Project ToolsVersion="4.0" xmlns="http://schemas.microsoft.com/developer/msbuild/2003">
  <ItemGroup>
    <Filter Include="Source Files">
      <UniqueIdentifier>{4FC737F1-C7A5-4376-A066-2A32D752A2FF}</UniqueIdentifier>
      <Extensions>cpp;c;cc;cxx;c++;cppm;ixx;def;odl;idl;hpj;bat;asm;asmx</Extensions>
    </Filter>
    <Filter Include="Header Files">
      <UniqueIdentifier>{93995380-89BD-4b04-88EB-625FBE52EBFB}</UniqueIdentifier>
      <Extensions>h;hh;hpp;hxx;h++;hm;inl;inc;ipp;xsd</Extensions>
    </Filter>
    <Filter Include="Resource Files">
      <UniqueIdentifier>{67DA6AB6-F800-4c08-8B7A-83BB121AAD01}</UniqueIdentifier>
      <Extensions>rc;ico;cur;bmp;dlg;rc2;rct;bin;rgs;gif;jpg;jpeg;jpe;resx;tiff;tif;png;wav;mfcribbon-ms</Extensions>
    </Filter>
  </ItemGroup>
  <ItemGroup>
    <ClCompile Include="Time\Clock.cpp">
      <Filter>Source Files</Filter>
    </ClCompile>
    <ClCompile Include="Time\Time.cpp">
      <Filter>Source Files</Filter>
    </ClCompile>
    <ClCompile Include="Application\Application.cpp">
      <Filter>Source Files</Filter>
    </ClCompile>
    <ClCompile Include="Renderer\Renderer.cpp">
      <Filter>Source Files</Filter>
    </ClCompile>
    <ClCompile Include="Resources\Audio.cpp">
      <Filter>Source Files</Filter>
    </ClCompile>
    <ClCompile Include="Resources\Fonts.cpp">
      <Filter>Source Files</Filter>
    </ClCompile>
    <ClCompile Include="Resources\ResourceManager.cpp">
      <Filter>Source Files</Filter>
    </ClCompile>
    <ClCompile Include="Resources\Textures.cpp">
      <Filter>Source Files</Filter>
    </ClCompile>
    <ClCompile Include="Audio\AudioHandler.cpp">
      <Filter>Source Files</Filter>
    </ClCompile>
    <ClCompile Include="Audio\DebugAudio.cpp">
      <Filter>Source Files</Filter>
    </ClCompile>
    <ClCompile Include="Audio\SDLAudio.cpp">
      <Filter>Source Files</Filter>
    </ClCompile>
    <ClCompile Include="Scenes\SceneManager.cpp">
      <Filter>Source Files</Filter>
    </ClCompile>
    <ClCompile Include="Core\Core.cpp">
      <Filter>Source Files</Filter>
    </ClCompile>
    <ClCompile Include="Core\main.cpp">
      <Filter>Source Files</Filter>
    </ClCompile>
    <ClCompile Include="Components\Transform.cpp">
      <Filter>Source Files</Filter>
    </ClCompile>
    <ClCompile Include="Components\TextureComponent.cpp">
      <Filter>Source Files</Filter>
    </ClCompile>
    <ClCompile Include="Input\Command.cpp">
      <Filter>Source Files</Filter>
    </ClCompile>
    <ClCompile Include="Input\InputType.cpp">
      <Filter>Source Files</Filter>
    </ClCompile>
    <ClCompile Include="Input\InputManager.cpp">
      <Filter>Source Files</Filter>
    </ClCompile>
    <ClCompile Include="Input\Controller.cpp">
      <Filter>Source Files</Filter>
    </ClCompile>
    <ClCompile Include="Extra\StaticEngineResources.cpp">
      <Filter>Source Files</Filter>
    </ClCompile>
    <ClCompile Include="Components\TextComponent.cpp">
      <Filter>Source Files</Filter>
    </ClCompile>
    <ClCompile Include="Components\Subject.cpp">
      <Filter>Source Files</Filter>
    </ClCompile>
    <ClCompile Include="Input\Keyboard.cpp">
      <Filter>Source Files</Filter>
    </ClCompile>
    <ClCompile Include="Events\Events.cpp">
      <Filter>Source Files</Filter>
    </ClCompile>
    <ClCompile Include="Steam.cpp">
      <Filter>Source Files</Filter>
    </ClCompile>
    <ClCompile Include="ECS\Object.cpp">
      <Filter>Source Files</Filter>
    </ClCompile>
    <ClCompile Include="Components\RefComponent.cpp">
      <Filter>Source Files</Filter>
    </ClCompile>
    <ClCompile Include="pch\teipch.cpp">
      <Filter>Source Files</Filter>
    </ClCompile>
  </ItemGroup>
  <ItemGroup>
    <ClInclude Include="Time\Chrono.h">
      <Filter>Source Files</Filter>
    </ClInclude>
    <ClInclude Include="Time\Clock.h">
      <Filter>Source Files</Filter>
    </ClInclude>
    <ClInclude Include="Time\Time.h">
      <Filter>Header Files</Filter>
    </ClInclude>
    <ClInclude Include="Utility\Error.h">
      <Filter>Header Files</Filter>
    </ClInclude>
    <ClInclude Include="Utility\Service.h">
      <Filter>Header Files</Filter>
    </ClInclude>
    <ClInclude Include="include\tei\time.h">
      <Filter>Header Files</Filter>
    </ClInclude>
    <ClInclude Include="Time\Clock.impl.h">
      <Filter>Header Files</Filter>
    </ClInclude>
    <ClInclude Include="Units\Units.h">
      <Filter>Header Files</Filter>
    </ClInclude>
    <ClInclude Include="include\tei\unit.h">
      <Filter>Header Files</Filter>
    </ClInclude>
    <ClInclude Include="Units\glm.h">
      <Filter>Header Files</Filter>
    </ClInclude>
    <ClInclude Include="Components\Components.h">
      <Filter>Header Files</Filter>
    </ClInclude>
    <ClInclude Include="Application\Application.h">
      <Filter>Header Files</Filter>
    </ClInclude>
    <ClInclude Include="include\tei\internal\ecs.h">
      <Filter>Header Files</Filter>
    </ClInclude>
    <ClInclude Include="include\tei\application.h">
      <Filter>Header Files</Filter>
    </ClInclude>
    <ClInclude Include="Renderer\Renderer.h">
      <Filter>Header Files</Filter>
    </ClInclude>
    <ClInclude Include="Resources\Audio.h">
      <Filter>Header Files</Filter>
    </ClInclude>
    <ClInclude Include="Resources\Fonts.h">
      <Filter>Header Files</Filter>
    </ClInclude>
    <ClInclude Include="Resources\ResourceManager.h">
      <Filter>Header Files</Filter>
    </ClInclude>
    <ClInclude Include="Resources\Resources.h">
      <Filter>Header Files</Filter>
    </ClInclude>
    <ClInclude Include="Resources\Textures.h">
      <Filter>Header Files</Filter>
    </ClInclude>
    <ClInclude Include="include\tei\resource.h">
      <Filter>Header Files</Filter>
    </ClInclude>
    <ClInclude Include="include\tei\render.h">
      <Filter>Header Files</Filter>
    </ClInclude>
    <ClInclude Include="include\tei\audio.h">
      <Filter>Header Files</Filter>
    </ClInclude>
    <ClInclude Include="Audio\AudioHandler.h">
      <Filter>Header Files</Filter>
    </ClInclude>
    <ClInclude Include="Audio\DebugAudio.h">
      <Filter>Header Files</Filter>
    </ClInclude>
    <ClInclude Include="Audio\SDLAudio.h">
      <Filter>Header Files</Filter>
    </ClInclude>
    <ClInclude Include="Scenes\SceneManager.h">
      <Filter>Header Files</Filter>
    </ClInclude>
    <ClInclude Include="include\tei\scene.h">
      <Filter>Header Files</Filter>
    </ClInclude>
    <ClInclude Include="Core\Core.h">
      <Filter>Header Files</Filter>
    </ClInclude>
    <ClInclude Include="include\tei.h">
      <Filter>Header Files</Filter>
    </ClInclude>
    <ClInclude Include="External\Client.h">
      <Filter>Header Files</Filter>
    </ClInclude>
    <ClInclude Include="include\tei\internal\core.h">
      <Filter>Header Files</Filter>
    </ClInclude>
    <ClInclude Include="Components\Transform.h">
      <Filter>Header Files</Filter>
    </ClInclude>
    <ClInclude Include="include\tei\components.h">
      <Filter>Header Files</Filter>
    </ClInclude>
    <ClInclude Include="Components\TextureComponent.h">
      <Filter>Header Files</Filter>
    </ClInclude>
    <ClInclude Include="Input\Command.h">
      <Filter>Header Files</Filter>
    </ClInclude>
    <ClInclude Include="Input\InputType.h">
      <Filter>Header Files</Filter>
    </ClInclude>
    <ClInclude Include="Input\InputManager.h">
      <Filter>Header Files</Filter>
    </ClInclude>
    <ClInclude Include="Input\Controller.h">
      <Filter>Header Files</Filter>
    </ClInclude>
    <ClInclude Include="include\tei\input.h">
      <Filter>Header Files</Filter>
    </ClInclude>
    <ClInclude Include="Extra\StaticEngineResources.h">
      <Filter>Header Files</Filter>
    </ClInclude>
    <ClInclude Include="Components\RefComponent.h">
      <Filter>Header Files</Filter>
    </ClInclude>
    <ClInclude Include="Components\TextComponent.h">
      <Filter>Header Files</Filter>
    </ClInclude>
    <ClInclude Include="Components\Subject.h">
      <Filter>Header Files</Filter>
    </ClInclude>
    <ClInclude Include="Input\Keyboard.h">
      <Filter>Header Files</Filter>
    </ClInclude>
    <ClInclude Include="Events\Events.h">
      <Filter>Header Files</Filter>
    </ClInclude>
    <ClInclude Include="include\tei\event.h">
      <Filter>Header Files</Filter>
    </ClInclude>
    <ClInclude Include="Components\ComponentHelpers.h">
      <Filter>Header Files</Filter>
    </ClInclude>
    <ClInclude Include="Steam.h">
      <Filter>Header Files</Filter>
    </ClInclude>
    <ClInclude Include="Utility\Static.h">
      <Filter>Header Files</Filter>
    </ClInclude>
    <ClInclude Include="Utility\Projector_to_address.h">
      <Filter>Header Files</Filter>
    </ClInclude>
    <ClInclude Include="Utility\Projector_as_const.h">
      <Filter>Header Files</Filter>
    </ClInclude>
    <ClInclude Include="Utility\Projector_addressof.h">
      <Filter>Header Files</Filter>
    </ClInclude>
    <ClInclude Include="Utility\Projector_get.h">
      <Filter>Header Files</Filter>
    </ClInclude>
    <ClInclude Include="Utility\Observed.h">
      <Filter>Header Files</Filter>
    </ClInclude>
    <ClInclude Include="Utility\SubrangeHelper.h">
      <Filter>Header Files</Filter>
    </ClInclude>
    <ClInclude Include="Utility\AnyReference.h">
      <Filter>Header Files</Filter>
    </ClInclude>
    <ClInclude Include="Utility\Random.h">
      <Filter>Header Files</Filter>
    </ClInclude>
    <ClInclude Include="Utility\TypeHelpers.h">
      <Filter>Header Files</Filter>
    </ClInclude>
    <ClInclude Include="include\tei\internal\Utility\Metrics\Metrics.h">
      <Filter>Header Files</Filter>
    </ClInclude>
    <ClInclude Include="include\tei\internal\Utility\Metrics\Metrics.hpp">
      <Filter>Header Files</Filter>
    </ClInclude>
    <ClInclude Include="include\tei\internal\Utility\AnyReference.h">
      <Filter>Header Files</Filter>
    </ClInclude>
    <ClInclude Include="include\tei\internal\Utility\Error.h">
      <Filter>Header Files</Filter>
    </ClInclude>
    <ClInclude Include="include\tei\internal\Utility\Observed.h">
      <Filter>Header Files</Filter>
    </ClInclude>
    <ClInclude Include="include\tei\internal\Utility\Projector_addressof.h">
      <Filter>Header Files</Filter>
    </ClInclude>
    <ClInclude Include="include\tei\internal\Utility\Projector_as_const.h">
      <Filter>Header Files</Filter>
    </ClInclude>
    <ClInclude Include="include\tei\internal\Utility\Projector_get.h">
      <Filter>Header Files</Filter>
    </ClInclude>
    <ClInclude Include="include\tei\internal\Utility\Projector_to_address.h">
      <Filter>Header Files</Filter>
    </ClInclude>
    <ClInclude Include="include\tei\internal\Utility\Random.h">
      <Filter>Header Files</Filter>
    </ClInclude>
    <ClInclude Include="include\tei\internal\Utility\Service.h">
      <Filter>Header Files</Filter>
    </ClInclude>
    <ClInclude Include="include\tei\internal\Utility\Static.h">
      <Filter>Header Files</Filter>
    </ClInclude>
    <ClInclude Include="include\tei\internal\Utility\SubrangeHelper.h">
      <Filter>Header Files</Filter>
    </ClInclude>
    <ClInclude Include="include\tei\internal\Utility\TypeErasedView.h">
      <Filter>Header Files</Filter>
    </ClInclude>
    <ClInclude Include="include\tei\internal\Utility\TypeHelpers.h">
      <Filter>Header Files</Filter>
    </ClInclude>
    <ClInclude Include="ECS\Object.h">
      <Filter>Header Files</Filter>
    </ClInclude>
    <ClInclude Include="include\tei\internal\Utility\UniqueVectorIterator.h">
      <Filter>Header Files</Filter>
    </ClInclude>
    <ClInclude Include="Time\TimeUtils.h">
      <Filter>Header Files</Filter>
    </ClInclude>
    <ClInclude Include="pch\teipch.h">
      <Filter>Header Files</Filter>
    </ClInclude>
    <ClInclude Include="include\tei\internal\utility.h">
      <Filter>Header Files</Filter>
    </ClInclude>
    <ClInclude Include="Utility\UtilityAll.h">
      <Filter>Header Files</Filter>
    </ClInclude>
    <ClInclude Include="Utility\UtilitySkimmed.h">
      <Filter>Header Files</Filter>
    </ClInclude>
    <ClInclude Include="include\tei\utility.h">
      <Filter>Header Files</Filter>
    </ClInclude>
  </ItemGroup>
  <ItemGroup>
    <None Include="packages.config" />
  </ItemGroup>
</Project>